
Microsoft Visual Studio Solution File, Format Version 12.00
# Visual Studio 14
VisualStudioVersion = 14.0.23107.0
MinimumVisualStudioVersion = 10.0.40219.1
Project("{8BC9CEB8-8B4A-11D0-8D11-00A0C91BC942}") = "lab4", "lab\lab4\lab4.vcxproj", "{CC5A01F7-BEC4-492B-8095-00FCB0450996}"
EndProject
Project("{8BC9CEB8-8B4A-11D0-8D11-00A0C91BC942}") = "lab3", "lab\lab3\lab3.vcxproj", "{C352E617-1FDC-4137-97C8-534525DDB5FB}"
EndProject
Project("{8BC9CEB8-8B4A-11D0-8D11-00A0C91BC942}") = "lab1", "lab\lab1\lab1.vcxproj", "{74A002EA-29D5-40CD-95E3-FA0A7FB6A3B2}"
EndProject
Project("{8BC9CEB8-8B4A-11D0-8D11-00A0C91BC942}") = "lab2", "lab\lab2\lab2.vcxproj", "{F3E85E6B-D2FA-4006-BD93-14A579EF787A}"
EndProject
Project("{2150E333-8FDC-42A3-9474-1A3956D46DE8}") = "Homework", "Homework", "{D9BDBD68-DDD7-426A-8B43-2423700E02FA}"
EndProject
Project("{2150E333-8FDC-42A3-9474-1A3956D46DE8}") = "Labwork", "Labwork", "{2F3F1BFC-367E-41CF-8D41-0DE8E12730D8}"
EndProject
Project("{8BC9CEB8-8B4A-11D0-8D11-00A0C91BC942}") = "hw1", "hw\hw1\hw1.vcxproj", "{50C72722-E78D-476D-AA38-31FCA8CD36B1}"
EndProject
Project("{8BC9CEB8-8B4A-11D0-8D11-00A0C91BC942}") = "hw2", "hw\hw2\hw2.vcxproj", "{E9C42608-F4D2-4928-8A03-EB8A28841239}"
EndProject
Project("{8BC9CEB8-8B4A-11D0-8D11-00A0C91BC942}") = "lab5", "lab\lab5\lab5.vcxproj", "{100C99C6-FD6D-4F00-BD6C-368D3FB65564}"
EndProject
Project("{8BC9CEB8-8B4A-11D0-8D11-00A0C91BC942}") = "lab6", "lab\lab6\lab6.vcxproj", "{16A27E48-5EBB-4952-A46A-CF6F7B409341}"
EndProject
Project("{8BC9CEB8-8B4A-11D0-8D11-00A0C91BC942}") = "task_choice", "prs\task_choice\task_choice.vcxproj", "{E9228EDE-E099-4C13-B813-3C25CCD3C95A}"
EndProject
Project("{2150E333-8FDC-42A3-9474-1A3956D46DE8}") = "Personal", "Personal", "{7E9B7FCB-4E26-4929-AC99-C150A97C7AF2}"
EndProject
Project("{8BC9CEB8-8B4A-11D0-8D11-00A0C91BC942}") = "hw3", "hw\hw3\hw3.vcxproj", "{855D434C-84F4-45C0-BE6F-6F894DA6FF9D}"
EndProject
Project("{8BC9CEB8-8B4A-11D0-8D11-00A0C91BC942}") = "hw4", "hw\hw4\hw4.vcxproj", "{86FC92E9-675B-4C27-820D-A6BE9A26ED72}"
EndProject
Project("{8BC9CEB8-8B4A-11D0-8D11-00A0C91BC942}") = "lab7", "lab\lab7\lab7.vcxproj", "{62AD3A2C-2A3F-4B71-8FA9-3B21F3B0D0C9}"
EndProject
Project("{8BC9CEB8-8B4A-11D0-8D11-00A0C91BC942}") = "lab8", "lab\lab8\lab8.vcxproj", "{07AD98F5-94F0-425B-AA3E-779E05DE707D}"
EndProject
Project("{8BC9CEB8-8B4A-11D0-8D11-00A0C91BC942}") = "lab9", "lab\lab9\lab9.vcxproj", "{55798549-586B-408C-B525-3A680F80AC15}"
EndProject
Project("{8BC9CEB8-8B4A-11D0-8D11-00A0C91BC942}") = "hw5", "hw\hw5\hw5.vcxproj", "{1CACBE20-7010-4990-AE35-1268F3720AE6}"
EndProject
Project("{8BC9CEB8-8B4A-11D0-8D11-00A0C91BC942}") = "lab10", "lab\lab10\lab10.vcxproj", "{5287046E-D835-4203-BEE8-7945C9A9BFBB}"
EndProject
Project("{8BC9CEB8-8B4A-11D0-8D11-00A0C91BC942}") = "hw6", "hw\hw6\hw6.vcxproj", "{1076D7AA-7253-4FAF-8821-44B3A6BCFC11}"
EndProject
Project("{8BC9CEB8-8B4A-11D0-8D11-00A0C91BC942}") = "lab11", "lab\lab11\lab11.vcxproj", "{FC6A4ED6-FA55-4E83-B42A-BD828FCD324A}"
EndProject
Project("{2150E333-8FDC-42A3-9474-1A3956D46DE8}") = "_Helper", "_Helper", "{1B0DE231-E81F-43F6-BD81-0FE0E3F0BF00}"
EndProject
Project("{8BC9CEB8-8B4A-11D0-8D11-00A0C91BC942}") = "hw7", "hw\hw7\hw7.vcxproj", "{D73288C4-DF68-4F9F-82DD-8C1165F00AA9}"
EndProject
Project("{8BC9CEB8-8B4A-11D0-8D11-00A0C91BC942}") = "lab12", "lab\lab12\lab12.vcxproj", "{F67E4281-1AC6-44D6-8C51-AA6A107DFC40}"
EndProject
Project("{8BC9CEB8-8B4A-11D0-8D11-00A0C91BC942}") = "lab13", "lab\lab13\lab13.vcxproj", "{F409D928-F6A9-4667-85C8-3AAC95C87AFF}"
EndProject
Project("{8BC9CEB8-8B4A-11D0-8D11-00A0C91BC942}") = "hw8", "hw\hw8\hw8.vcxproj", "{D298BD02-11BE-42AF-836A-4D601DC285C2}"
EndProject
Project("{8BC9CEB8-8B4A-11D0-8D11-00A0C91BC942}") = "lab14", "lab\lab14\lab14.vcxproj", "{ED2FDDE3-CAEB-4A54-9F30-82DF55E1FBD5}"
EndProject
Project("{8BC9CEB8-8B4A-11D0-8D11-00A0C91BC942}") = "lab15", "lab\lab15\lab15.vcxproj", "{031BD032-5395-49F8-845A-C7D7027A13ED}"
EndProject
Project("{8BC9CEB8-8B4A-11D0-8D11-00A0C91BC942}") = "hw9", "hw\hw9\hw9.vcxproj", "{97341F23-32A6-4616-B22C-4BE033B3E59C}"
EndProject
Project("{8BC9CEB8-8B4A-11D0-8D11-00A0C91BC942}") = "lab16", "lab\lab16\lab16.vcxproj", "{5CD8FAC8-69C5-44AD-8554-9942849A8ED4}"
EndProject
Project("{8BC9CEB8-8B4A-11D0-8D11-00A0C91BC942}") = "hw10", "hw\hw10\hw10.vcxproj", "{D895ADD6-89AF-42A4-BC4B-98367A1E7044}"
EndProject
Project("{8BC9CEB8-8B4A-11D0-8D11-00A0C91BC942}") = "lab17", "lab\lab17\lab17.vcxproj", "{88E2F3ED-F8C6-44F5-8AEA-9C113773280C}"
EndProject
Project("{8BC9CEB8-8B4A-11D0-8D11-00A0C91BC942}") = "lab18", "lab\lab18\lab18.vcxproj", "{F39E1DF4-9264-4CAE-A962-61A2960A2572}"
EndProject
Project("{8BC9CEB8-8B4A-11D0-8D11-00A0C91BC942}") = "hw11", "hw\hw11\hw11.vcxproj", "{FF75EA8D-154E-4CDF-AF71-6B38F829FCB6}"
EndProject
Project("{8BC9CEB8-8B4A-11D0-8D11-00A0C91BC942}") = "lab19", "lab\lab19\lab19.vcxproj", "{AAA9A94A-E8E1-4315-8004-50D8ED9CE9B5}"
EndProject
Project("{8BC9CEB8-8B4A-11D0-8D11-00A0C91BC942}") = "lab20", "lab\lab20\lab20.vcxproj", "{7651E194-9B46-4AD9-AED3-C06C5435984B}"
EndProject
Global
	GlobalSection(SolutionConfigurationPlatforms) = preSolution
		Debug|x64 = Debug|x64
		Debug|x86 = Debug|x86
		Release|x64 = Release|x64
		Release|x86 = Release|x86
	EndGlobalSection
	GlobalSection(ProjectConfigurationPlatforms) = postSolution
		{CC5A01F7-BEC4-492B-8095-00FCB0450996}.Debug|x64.ActiveCfg = Debug|x64
		{CC5A01F7-BEC4-492B-8095-00FCB0450996}.Debug|x64.Build.0 = Debug|x64
		{CC5A01F7-BEC4-492B-8095-00FCB0450996}.Debug|x86.ActiveCfg = Debug|Win32
		{CC5A01F7-BEC4-492B-8095-00FCB0450996}.Debug|x86.Build.0 = Debug|Win32
		{CC5A01F7-BEC4-492B-8095-00FCB0450996}.Release|x64.ActiveCfg = Release|x64
		{CC5A01F7-BEC4-492B-8095-00FCB0450996}.Release|x64.Build.0 = Release|x64
		{CC5A01F7-BEC4-492B-8095-00FCB0450996}.Release|x86.ActiveCfg = Release|Win32
		{CC5A01F7-BEC4-492B-8095-00FCB0450996}.Release|x86.Build.0 = Release|Win32
		{C352E617-1FDC-4137-97C8-534525DDB5FB}.Debug|x64.ActiveCfg = Debug|x64
		{C352E617-1FDC-4137-97C8-534525DDB5FB}.Debug|x64.Build.0 = Debug|x64
		{C352E617-1FDC-4137-97C8-534525DDB5FB}.Debug|x86.ActiveCfg = Debug|Win32
		{C352E617-1FDC-4137-97C8-534525DDB5FB}.Debug|x86.Build.0 = Debug|Win32
		{C352E617-1FDC-4137-97C8-534525DDB5FB}.Release|x64.ActiveCfg = Release|x64
		{C352E617-1FDC-4137-97C8-534525DDB5FB}.Release|x64.Build.0 = Release|x64
		{C352E617-1FDC-4137-97C8-534525DDB5FB}.Release|x86.ActiveCfg = Release|Win32
		{C352E617-1FDC-4137-97C8-534525DDB5FB}.Release|x86.Build.0 = Release|Win32
		{74A002EA-29D5-40CD-95E3-FA0A7FB6A3B2}.Debug|x64.ActiveCfg = Debug|x64
		{74A002EA-29D5-40CD-95E3-FA0A7FB6A3B2}.Debug|x64.Build.0 = Debug|x64
		{74A002EA-29D5-40CD-95E3-FA0A7FB6A3B2}.Debug|x86.ActiveCfg = Debug|Win32
		{74A002EA-29D5-40CD-95E3-FA0A7FB6A3B2}.Debug|x86.Build.0 = Debug|Win32
		{74A002EA-29D5-40CD-95E3-FA0A7FB6A3B2}.Release|x64.ActiveCfg = Release|x64
		{74A002EA-29D5-40CD-95E3-FA0A7FB6A3B2}.Release|x64.Build.0 = Release|x64
		{74A002EA-29D5-40CD-95E3-FA0A7FB6A3B2}.Release|x86.ActiveCfg = Release|Win32
		{74A002EA-29D5-40CD-95E3-FA0A7FB6A3B2}.Release|x86.Build.0 = Release|Win32
		{F3E85E6B-D2FA-4006-BD93-14A579EF787A}.Debug|x64.ActiveCfg = Debug|x64
		{F3E85E6B-D2FA-4006-BD93-14A579EF787A}.Debug|x64.Build.0 = Debug|x64
		{F3E85E6B-D2FA-4006-BD93-14A579EF787A}.Debug|x86.ActiveCfg = Debug|Win32
		{F3E85E6B-D2FA-4006-BD93-14A579EF787A}.Debug|x86.Build.0 = Debug|Win32
		{F3E85E6B-D2FA-4006-BD93-14A579EF787A}.Release|x64.ActiveCfg = Release|x64
		{F3E85E6B-D2FA-4006-BD93-14A579EF787A}.Release|x64.Build.0 = Release|x64
		{F3E85E6B-D2FA-4006-BD93-14A579EF787A}.Release|x86.ActiveCfg = Release|Win32
		{F3E85E6B-D2FA-4006-BD93-14A579EF787A}.Release|x86.Build.0 = Release|Win32
		{50C72722-E78D-476D-AA38-31FCA8CD36B1}.Debug|x64.ActiveCfg = Debug|x64
		{50C72722-E78D-476D-AA38-31FCA8CD36B1}.Debug|x64.Build.0 = Debug|x64
		{50C72722-E78D-476D-AA38-31FCA8CD36B1}.Debug|x86.ActiveCfg = Debug|Win32
		{50C72722-E78D-476D-AA38-31FCA8CD36B1}.Debug|x86.Build.0 = Debug|Win32
		{50C72722-E78D-476D-AA38-31FCA8CD36B1}.Release|x64.ActiveCfg = Release|x64
		{50C72722-E78D-476D-AA38-31FCA8CD36B1}.Release|x64.Build.0 = Release|x64
		{50C72722-E78D-476D-AA38-31FCA8CD36B1}.Release|x86.ActiveCfg = Release|Win32
		{50C72722-E78D-476D-AA38-31FCA8CD36B1}.Release|x86.Build.0 = Release|Win32
		{E9C42608-F4D2-4928-8A03-EB8A28841239}.Debug|x64.ActiveCfg = Debug|x64
		{E9C42608-F4D2-4928-8A03-EB8A28841239}.Debug|x64.Build.0 = Debug|x64
		{E9C42608-F4D2-4928-8A03-EB8A28841239}.Debug|x86.ActiveCfg = Debug|Win32
		{E9C42608-F4D2-4928-8A03-EB8A28841239}.Debug|x86.Build.0 = Debug|Win32
		{E9C42608-F4D2-4928-8A03-EB8A28841239}.Release|x64.ActiveCfg = Release|x64
		{E9C42608-F4D2-4928-8A03-EB8A28841239}.Release|x64.Build.0 = Release|x64
		{E9C42608-F4D2-4928-8A03-EB8A28841239}.Release|x86.ActiveCfg = Release|Win32
		{E9C42608-F4D2-4928-8A03-EB8A28841239}.Release|x86.Build.0 = Release|Win32
		{100C99C6-FD6D-4F00-BD6C-368D3FB65564}.Debug|x64.ActiveCfg = Debug|x64
		{100C99C6-FD6D-4F00-BD6C-368D3FB65564}.Debug|x64.Build.0 = Debug|x64
		{100C99C6-FD6D-4F00-BD6C-368D3FB65564}.Debug|x86.ActiveCfg = Debug|Win32
		{100C99C6-FD6D-4F00-BD6C-368D3FB65564}.Debug|x86.Build.0 = Debug|Win32
		{100C99C6-FD6D-4F00-BD6C-368D3FB65564}.Release|x64.ActiveCfg = Release|x64
		{100C99C6-FD6D-4F00-BD6C-368D3FB65564}.Release|x64.Build.0 = Release|x64
		{100C99C6-FD6D-4F00-BD6C-368D3FB65564}.Release|x86.ActiveCfg = Release|Win32
		{100C99C6-FD6D-4F00-BD6C-368D3FB65564}.Release|x86.Build.0 = Release|Win32
		{16A27E48-5EBB-4952-A46A-CF6F7B409341}.Debug|x64.ActiveCfg = Debug|x64
		{16A27E48-5EBB-4952-A46A-CF6F7B409341}.Debug|x64.Build.0 = Debug|x64
		{16A27E48-5EBB-4952-A46A-CF6F7B409341}.Debug|x86.ActiveCfg = Debug|Win32
		{16A27E48-5EBB-4952-A46A-CF6F7B409341}.Debug|x86.Build.0 = Debug|Win32
		{16A27E48-5EBB-4952-A46A-CF6F7B409341}.Release|x64.ActiveCfg = Release|x64
		{16A27E48-5EBB-4952-A46A-CF6F7B409341}.Release|x64.Build.0 = Release|x64
		{16A27E48-5EBB-4952-A46A-CF6F7B409341}.Release|x86.ActiveCfg = Release|Win32
		{16A27E48-5EBB-4952-A46A-CF6F7B409341}.Release|x86.Build.0 = Release|Win32
		{E9228EDE-E099-4C13-B813-3C25CCD3C95A}.Debug|x64.ActiveCfg = Debug|x64
		{E9228EDE-E099-4C13-B813-3C25CCD3C95A}.Debug|x64.Build.0 = Debug|x64
		{E9228EDE-E099-4C13-B813-3C25CCD3C95A}.Debug|x86.ActiveCfg = Debug|Win32
		{E9228EDE-E099-4C13-B813-3C25CCD3C95A}.Debug|x86.Build.0 = Debug|Win32
		{E9228EDE-E099-4C13-B813-3C25CCD3C95A}.Release|x64.ActiveCfg = Release|x64
		{E9228EDE-E099-4C13-B813-3C25CCD3C95A}.Release|x64.Build.0 = Release|x64
		{E9228EDE-E099-4C13-B813-3C25CCD3C95A}.Release|x86.ActiveCfg = Release|Win32
		{E9228EDE-E099-4C13-B813-3C25CCD3C95A}.Release|x86.Build.0 = Release|Win32
		{855D434C-84F4-45C0-BE6F-6F894DA6FF9D}.Debug|x64.ActiveCfg = Debug|x64
		{855D434C-84F4-45C0-BE6F-6F894DA6FF9D}.Debug|x64.Build.0 = Debug|x64
		{855D434C-84F4-45C0-BE6F-6F894DA6FF9D}.Debug|x86.ActiveCfg = Debug|Win32
		{855D434C-84F4-45C0-BE6F-6F894DA6FF9D}.Debug|x86.Build.0 = Debug|Win32
		{855D434C-84F4-45C0-BE6F-6F894DA6FF9D}.Release|x64.ActiveCfg = Release|x64
		{855D434C-84F4-45C0-BE6F-6F894DA6FF9D}.Release|x64.Build.0 = Release|x64
		{855D434C-84F4-45C0-BE6F-6F894DA6FF9D}.Release|x86.ActiveCfg = Release|Win32
		{855D434C-84F4-45C0-BE6F-6F894DA6FF9D}.Release|x86.Build.0 = Release|Win32
		{86FC92E9-675B-4C27-820D-A6BE9A26ED72}.Debug|x64.ActiveCfg = Debug|x64
		{86FC92E9-675B-4C27-820D-A6BE9A26ED72}.Debug|x64.Build.0 = Debug|x64
		{86FC92E9-675B-4C27-820D-A6BE9A26ED72}.Debug|x86.ActiveCfg = Debug|Win32
		{86FC92E9-675B-4C27-820D-A6BE9A26ED72}.Debug|x86.Build.0 = Debug|Win32
		{86FC92E9-675B-4C27-820D-A6BE9A26ED72}.Release|x64.ActiveCfg = Release|x64
		{86FC92E9-675B-4C27-820D-A6BE9A26ED72}.Release|x64.Build.0 = Release|x64
		{86FC92E9-675B-4C27-820D-A6BE9A26ED72}.Release|x86.ActiveCfg = Release|Win32
		{86FC92E9-675B-4C27-820D-A6BE9A26ED72}.Release|x86.Build.0 = Release|Win32
		{62AD3A2C-2A3F-4B71-8FA9-3B21F3B0D0C9}.Debug|x64.ActiveCfg = Debug|x64
		{62AD3A2C-2A3F-4B71-8FA9-3B21F3B0D0C9}.Debug|x64.Build.0 = Debug|x64
		{62AD3A2C-2A3F-4B71-8FA9-3B21F3B0D0C9}.Debug|x86.ActiveCfg = Debug|Win32
		{62AD3A2C-2A3F-4B71-8FA9-3B21F3B0D0C9}.Debug|x86.Build.0 = Debug|Win32
		{62AD3A2C-2A3F-4B71-8FA9-3B21F3B0D0C9}.Release|x64.ActiveCfg = Release|x64
		{62AD3A2C-2A3F-4B71-8FA9-3B21F3B0D0C9}.Release|x64.Build.0 = Release|x64
		{62AD3A2C-2A3F-4B71-8FA9-3B21F3B0D0C9}.Release|x86.ActiveCfg = Release|Win32
		{62AD3A2C-2A3F-4B71-8FA9-3B21F3B0D0C9}.Release|x86.Build.0 = Release|Win32
		{07AD98F5-94F0-425B-AA3E-779E05DE707D}.Debug|x64.ActiveCfg = Debug|x64
		{07AD98F5-94F0-425B-AA3E-779E05DE707D}.Debug|x64.Build.0 = Debug|x64
		{07AD98F5-94F0-425B-AA3E-779E05DE707D}.Debug|x86.ActiveCfg = Debug|Win32
		{07AD98F5-94F0-425B-AA3E-779E05DE707D}.Debug|x86.Build.0 = Debug|Win32
		{07AD98F5-94F0-425B-AA3E-779E05DE707D}.Release|x64.ActiveCfg = Release|x64
		{07AD98F5-94F0-425B-AA3E-779E05DE707D}.Release|x64.Build.0 = Release|x64
		{07AD98F5-94F0-425B-AA3E-779E05DE707D}.Release|x86.ActiveCfg = Release|Win32
		{07AD98F5-94F0-425B-AA3E-779E05DE707D}.Release|x86.Build.0 = Release|Win32
		{55798549-586B-408C-B525-3A680F80AC15}.Debug|x64.ActiveCfg = Debug|x64
		{55798549-586B-408C-B525-3A680F80AC15}.Debug|x64.Build.0 = Debug|x64
		{55798549-586B-408C-B525-3A680F80AC15}.Debug|x86.ActiveCfg = Debug|Win32
		{55798549-586B-408C-B525-3A680F80AC15}.Debug|x86.Build.0 = Debug|Win32
		{55798549-586B-408C-B525-3A680F80AC15}.Release|x64.ActiveCfg = Release|x64
		{55798549-586B-408C-B525-3A680F80AC15}.Release|x64.Build.0 = Release|x64
		{55798549-586B-408C-B525-3A680F80AC15}.Release|x86.ActiveCfg = Release|Win32
		{55798549-586B-408C-B525-3A680F80AC15}.Release|x86.Build.0 = Release|Win32
		{1CACBE20-7010-4990-AE35-1268F3720AE6}.Debug|x64.ActiveCfg = Debug|x64
		{1CACBE20-7010-4990-AE35-1268F3720AE6}.Debug|x64.Build.0 = Debug|x64
		{1CACBE20-7010-4990-AE35-1268F3720AE6}.Debug|x86.ActiveCfg = Debug|Win32
		{1CACBE20-7010-4990-AE35-1268F3720AE6}.Debug|x86.Build.0 = Debug|Win32
		{1CACBE20-7010-4990-AE35-1268F3720AE6}.Release|x64.ActiveCfg = Release|x64
		{1CACBE20-7010-4990-AE35-1268F3720AE6}.Release|x64.Build.0 = Release|x64
		{1CACBE20-7010-4990-AE35-1268F3720AE6}.Release|x86.ActiveCfg = Release|Win32
		{1CACBE20-7010-4990-AE35-1268F3720AE6}.Release|x86.Build.0 = Release|Win32
		{5287046E-D835-4203-BEE8-7945C9A9BFBB}.Debug|x64.ActiveCfg = Debug|x64
		{5287046E-D835-4203-BEE8-7945C9A9BFBB}.Debug|x64.Build.0 = Debug|x64
		{5287046E-D835-4203-BEE8-7945C9A9BFBB}.Debug|x86.ActiveCfg = Debug|Win32
		{5287046E-D835-4203-BEE8-7945C9A9BFBB}.Debug|x86.Build.0 = Debug|Win32
		{5287046E-D835-4203-BEE8-7945C9A9BFBB}.Release|x64.ActiveCfg = Release|x64
		{5287046E-D835-4203-BEE8-7945C9A9BFBB}.Release|x64.Build.0 = Release|x64
		{5287046E-D835-4203-BEE8-7945C9A9BFBB}.Release|x86.ActiveCfg = Release|Win32
		{5287046E-D835-4203-BEE8-7945C9A9BFBB}.Release|x86.Build.0 = Release|Win32
		{1076D7AA-7253-4FAF-8821-44B3A6BCFC11}.Debug|x64.ActiveCfg = Debug|x64
		{1076D7AA-7253-4FAF-8821-44B3A6BCFC11}.Debug|x64.Build.0 = Debug|x64
		{1076D7AA-7253-4FAF-8821-44B3A6BCFC11}.Debug|x86.ActiveCfg = Debug|Win32
		{1076D7AA-7253-4FAF-8821-44B3A6BCFC11}.Debug|x86.Build.0 = Debug|Win32
		{1076D7AA-7253-4FAF-8821-44B3A6BCFC11}.Release|x64.ActiveCfg = Release|x64
		{1076D7AA-7253-4FAF-8821-44B3A6BCFC11}.Release|x64.Build.0 = Release|x64
		{1076D7AA-7253-4FAF-8821-44B3A6BCFC11}.Release|x86.ActiveCfg = Release|Win32
		{1076D7AA-7253-4FAF-8821-44B3A6BCFC11}.Release|x86.Build.0 = Release|Win32
		{FC6A4ED6-FA55-4E83-B42A-BD828FCD324A}.Debug|x64.ActiveCfg = Debug|x64
		{FC6A4ED6-FA55-4E83-B42A-BD828FCD324A}.Debug|x64.Build.0 = Debug|x64
		{FC6A4ED6-FA55-4E83-B42A-BD828FCD324A}.Debug|x86.ActiveCfg = Debug|Win32
		{FC6A4ED6-FA55-4E83-B42A-BD828FCD324A}.Debug|x86.Build.0 = Debug|Win32
		{FC6A4ED6-FA55-4E83-B42A-BD828FCD324A}.Release|x64.ActiveCfg = Release|x64
		{FC6A4ED6-FA55-4E83-B42A-BD828FCD324A}.Release|x64.Build.0 = Release|x64
		{FC6A4ED6-FA55-4E83-B42A-BD828FCD324A}.Release|x86.ActiveCfg = Release|Win32
		{FC6A4ED6-FA55-4E83-B42A-BD828FCD324A}.Release|x86.Build.0 = Release|Win32
		{D73288C4-DF68-4F9F-82DD-8C1165F00AA9}.Debug|x64.ActiveCfg = Debug|x64
		{D73288C4-DF68-4F9F-82DD-8C1165F00AA9}.Debug|x64.Build.0 = Debug|x64
		{D73288C4-DF68-4F9F-82DD-8C1165F00AA9}.Debug|x86.ActiveCfg = Debug|Win32
		{D73288C4-DF68-4F9F-82DD-8C1165F00AA9}.Debug|x86.Build.0 = Debug|Win32
		{D73288C4-DF68-4F9F-82DD-8C1165F00AA9}.Release|x64.ActiveCfg = Release|x64
		{D73288C4-DF68-4F9F-82DD-8C1165F00AA9}.Release|x64.Build.0 = Release|x64
		{D73288C4-DF68-4F9F-82DD-8C1165F00AA9}.Release|x86.ActiveCfg = Release|Win32
		{D73288C4-DF68-4F9F-82DD-8C1165F00AA9}.Release|x86.Build.0 = Release|Win32
		{F67E4281-1AC6-44D6-8C51-AA6A107DFC40}.Debug|x64.ActiveCfg = Debug|x64
		{F67E4281-1AC6-44D6-8C51-AA6A107DFC40}.Debug|x64.Build.0 = Debug|x64
		{F67E4281-1AC6-44D6-8C51-AA6A107DFC40}.Debug|x86.ActiveCfg = Debug|Win32
		{F67E4281-1AC6-44D6-8C51-AA6A107DFC40}.Debug|x86.Build.0 = Debug|Win32
		{F67E4281-1AC6-44D6-8C51-AA6A107DFC40}.Release|x64.ActiveCfg = Release|x64
		{F67E4281-1AC6-44D6-8C51-AA6A107DFC40}.Release|x64.Build.0 = Release|x64
		{F67E4281-1AC6-44D6-8C51-AA6A107DFC40}.Release|x86.ActiveCfg = Release|Win32
		{F67E4281-1AC6-44D6-8C51-AA6A107DFC40}.Release|x86.Build.0 = Release|Win32
		{F409D928-F6A9-4667-85C8-3AAC95C87AFF}.Debug|x64.ActiveCfg = Debug|x64
		{F409D928-F6A9-4667-85C8-3AAC95C87AFF}.Debug|x64.Build.0 = Debug|x64
		{F409D928-F6A9-4667-85C8-3AAC95C87AFF}.Debug|x86.ActiveCfg = Debug|Win32
		{F409D928-F6A9-4667-85C8-3AAC95C87AFF}.Debug|x86.Build.0 = Debug|Win32
		{F409D928-F6A9-4667-85C8-3AAC95C87AFF}.Release|x64.ActiveCfg = Release|x64
		{F409D928-F6A9-4667-85C8-3AAC95C87AFF}.Release|x64.Build.0 = Release|x64
		{F409D928-F6A9-4667-85C8-3AAC95C87AFF}.Release|x86.ActiveCfg = Release|Win32
		{F409D928-F6A9-4667-85C8-3AAC95C87AFF}.Release|x86.Build.0 = Release|Win32
		{D298BD02-11BE-42AF-836A-4D601DC285C2}.Debug|x64.ActiveCfg = Debug|x64
		{D298BD02-11BE-42AF-836A-4D601DC285C2}.Debug|x64.Build.0 = Debug|x64
		{D298BD02-11BE-42AF-836A-4D601DC285C2}.Debug|x86.ActiveCfg = Debug|Win32
		{D298BD02-11BE-42AF-836A-4D601DC285C2}.Debug|x86.Build.0 = Debug|Win32
		{D298BD02-11BE-42AF-836A-4D601DC285C2}.Release|x64.ActiveCfg = Release|x64
		{D298BD02-11BE-42AF-836A-4D601DC285C2}.Release|x64.Build.0 = Release|x64
		{D298BD02-11BE-42AF-836A-4D601DC285C2}.Release|x86.ActiveCfg = Release|Win32
		{D298BD02-11BE-42AF-836A-4D601DC285C2}.Release|x86.Build.0 = Release|Win32
		{ED2FDDE3-CAEB-4A54-9F30-82DF55E1FBD5}.Debug|x64.ActiveCfg = Debug|x64
		{ED2FDDE3-CAEB-4A54-9F30-82DF55E1FBD5}.Debug|x64.Build.0 = Debug|x64
		{ED2FDDE3-CAEB-4A54-9F30-82DF55E1FBD5}.Debug|x86.ActiveCfg = Debug|Win32
		{ED2FDDE3-CAEB-4A54-9F30-82DF55E1FBD5}.Debug|x86.Build.0 = Debug|Win32
		{ED2FDDE3-CAEB-4A54-9F30-82DF55E1FBD5}.Release|x64.ActiveCfg = Release|x64
		{ED2FDDE3-CAEB-4A54-9F30-82DF55E1FBD5}.Release|x64.Build.0 = Release|x64
		{ED2FDDE3-CAEB-4A54-9F30-82DF55E1FBD5}.Release|x86.ActiveCfg = Release|Win32
		{ED2FDDE3-CAEB-4A54-9F30-82DF55E1FBD5}.Release|x86.Build.0 = Release|Win32
		{031BD032-5395-49F8-845A-C7D7027A13ED}.Debug|x64.ActiveCfg = Debug|x64
		{031BD032-5395-49F8-845A-C7D7027A13ED}.Debug|x64.Build.0 = Debug|x64
		{031BD032-5395-49F8-845A-C7D7027A13ED}.Debug|x86.ActiveCfg = Debug|Win32
		{031BD032-5395-49F8-845A-C7D7027A13ED}.Debug|x86.Build.0 = Debug|Win32
		{031BD032-5395-49F8-845A-C7D7027A13ED}.Release|x64.ActiveCfg = Release|x64
		{031BD032-5395-49F8-845A-C7D7027A13ED}.Release|x64.Build.0 = Release|x64
		{031BD032-5395-49F8-845A-C7D7027A13ED}.Release|x86.ActiveCfg = Release|Win32
		{031BD032-5395-49F8-845A-C7D7027A13ED}.Release|x86.Build.0 = Release|Win32
		{97341F23-32A6-4616-B22C-4BE033B3E59C}.Debug|x64.ActiveCfg = Debug|x64
		{97341F23-32A6-4616-B22C-4BE033B3E59C}.Debug|x64.Build.0 = Debug|x64
		{97341F23-32A6-4616-B22C-4BE033B3E59C}.Debug|x86.ActiveCfg = Debug|Win32
		{97341F23-32A6-4616-B22C-4BE033B3E59C}.Debug|x86.Build.0 = Debug|Win32
		{97341F23-32A6-4616-B22C-4BE033B3E59C}.Release|x64.ActiveCfg = Release|x64
		{97341F23-32A6-4616-B22C-4BE033B3E59C}.Release|x64.Build.0 = Release|x64
		{97341F23-32A6-4616-B22C-4BE033B3E59C}.Release|x86.ActiveCfg = Release|Win32
		{97341F23-32A6-4616-B22C-4BE033B3E59C}.Release|x86.Build.0 = Release|Win32
		{5CD8FAC8-69C5-44AD-8554-9942849A8ED4}.Debug|x64.ActiveCfg = Debug|x64
		{5CD8FAC8-69C5-44AD-8554-9942849A8ED4}.Debug|x64.Build.0 = Debug|x64
		{5CD8FAC8-69C5-44AD-8554-9942849A8ED4}.Debug|x86.ActiveCfg = Debug|Win32
		{5CD8FAC8-69C5-44AD-8554-9942849A8ED4}.Debug|x86.Build.0 = Debug|Win32
		{5CD8FAC8-69C5-44AD-8554-9942849A8ED4}.Release|x64.ActiveCfg = Release|x64
		{5CD8FAC8-69C5-44AD-8554-9942849A8ED4}.Release|x64.Build.0 = Release|x64
		{5CD8FAC8-69C5-44AD-8554-9942849A8ED4}.Release|x86.ActiveCfg = Release|Win32
		{5CD8FAC8-69C5-44AD-8554-9942849A8ED4}.Release|x86.Build.0 = Release|Win32
		{D895ADD6-89AF-42A4-BC4B-98367A1E7044}.Debug|x64.ActiveCfg = Debug|x64
		{D895ADD6-89AF-42A4-BC4B-98367A1E7044}.Debug|x64.Build.0 = Debug|x64
		{D895ADD6-89AF-42A4-BC4B-98367A1E7044}.Debug|x86.ActiveCfg = Debug|Win32
		{D895ADD6-89AF-42A4-BC4B-98367A1E7044}.Debug|x86.Build.0 = Debug|Win32
		{D895ADD6-89AF-42A4-BC4B-98367A1E7044}.Release|x64.ActiveCfg = Release|x64
		{D895ADD6-89AF-42A4-BC4B-98367A1E7044}.Release|x64.Build.0 = Release|x64
		{D895ADD6-89AF-42A4-BC4B-98367A1E7044}.Release|x86.ActiveCfg = Release|Win32
		{D895ADD6-89AF-42A4-BC4B-98367A1E7044}.Release|x86.Build.0 = Release|Win32
		{88E2F3ED-F8C6-44F5-8AEA-9C113773280C}.Debug|x64.ActiveCfg = Debug|x64
		{88E2F3ED-F8C6-44F5-8AEA-9C113773280C}.Debug|x64.Build.0 = Debug|x64
		{88E2F3ED-F8C6-44F5-8AEA-9C113773280C}.Debug|x86.ActiveCfg = Debug|Win32
		{88E2F3ED-F8C6-44F5-8AEA-9C113773280C}.Debug|x86.Build.0 = Debug|Win32
		{88E2F3ED-F8C6-44F5-8AEA-9C113773280C}.Release|x64.ActiveCfg = Release|x64
		{88E2F3ED-F8C6-44F5-8AEA-9C113773280C}.Release|x64.Build.0 = Release|x64
		{88E2F3ED-F8C6-44F5-8AEA-9C113773280C}.Release|x86.ActiveCfg = Release|Win32
		{88E2F3ED-F8C6-44F5-8AEA-9C113773280C}.Release|x86.Build.0 = Release|Win32
		{F39E1DF4-9264-4CAE-A962-61A2960A2572}.Debug|x64.ActiveCfg = Debug|x64
		{F39E1DF4-9264-4CAE-A962-61A2960A2572}.Debug|x64.Build.0 = Debug|x64
		{F39E1DF4-9264-4CAE-A962-61A2960A2572}.Debug|x86.ActiveCfg = Debug|Win32
		{F39E1DF4-9264-4CAE-A962-61A2960A2572}.Debug|x86.Build.0 = Debug|Win32
		{F39E1DF4-9264-4CAE-A962-61A2960A2572}.Release|x64.ActiveCfg = Release|x64
		{F39E1DF4-9264-4CAE-A962-61A2960A2572}.Release|x64.Build.0 = Release|x64
		{F39E1DF4-9264-4CAE-A962-61A2960A2572}.Release|x86.ActiveCfg = Release|Win32
		{F39E1DF4-9264-4CAE-A962-61A2960A2572}.Release|x86.Build.0 = Release|Win32
		{FF75EA8D-154E-4CDF-AF71-6B38F829FCB6}.Debug|x64.ActiveCfg = Debug|x64
		{FF75EA8D-154E-4CDF-AF71-6B38F829FCB6}.Debug|x64.Build.0 = Debug|x64
		{FF75EA8D-154E-4CDF-AF71-6B38F829FCB6}.Debug|x86.ActiveCfg = Debug|Win32
		{FF75EA8D-154E-4CDF-AF71-6B38F829FCB6}.Debug|x86.Build.0 = Debug|Win32
		{FF75EA8D-154E-4CDF-AF71-6B38F829FCB6}.Release|x64.ActiveCfg = Release|x64
		{FF75EA8D-154E-4CDF-AF71-6B38F829FCB6}.Release|x64.Build.0 = Release|x64
		{FF75EA8D-154E-4CDF-AF71-6B38F829FCB6}.Release|x86.ActiveCfg = Release|Win32
		{FF75EA8D-154E-4CDF-AF71-6B38F829FCB6}.Release|x86.Build.0 = Release|Win32
		{AAA9A94A-E8E1-4315-8004-50D8ED9CE9B5}.Debug|x64.ActiveCfg = Debug|x64
		{AAA9A94A-E8E1-4315-8004-50D8ED9CE9B5}.Debug|x64.Build.0 = Debug|x64
		{AAA9A94A-E8E1-4315-8004-50D8ED9CE9B5}.Debug|x86.ActiveCfg = Debug|Win32
		{AAA9A94A-E8E1-4315-8004-50D8ED9CE9B5}.Debug|x86.Build.0 = Debug|Win32
		{AAA9A94A-E8E1-4315-8004-50D8ED9CE9B5}.Release|x64.ActiveCfg = Release|x64
		{AAA9A94A-E8E1-4315-8004-50D8ED9CE9B5}.Release|x64.Build.0 = Release|x64
		{AAA9A94A-E8E1-4315-8004-50D8ED9CE9B5}.Release|x86.ActiveCfg = Release|Win32
		{AAA9A94A-E8E1-4315-8004-50D8ED9CE9B5}.Release|x86.Build.0 = Release|Win32
		{7651E194-9B46-4AD9-AED3-C06C5435984B}.Debug|x64.ActiveCfg = Debug|x64
		{7651E194-9B46-4AD9-AED3-C06C5435984B}.Debug|x64.Build.0 = Debug|x64
		{7651E194-9B46-4AD9-AED3-C06C5435984B}.Debug|x86.ActiveCfg = Debug|Win32
		{7651E194-9B46-4AD9-AED3-C06C5435984B}.Debug|x86.Build.0 = Debug|Win32
		{7651E194-9B46-4AD9-AED3-C06C5435984B}.Release|x64.ActiveCfg = Release|x64
		{7651E194-9B46-4AD9-AED3-C06C5435984B}.Release|x64.Build.0 = Release|x64
		{7651E194-9B46-4AD9-AED3-C06C5435984B}.Release|x86.ActiveCfg = Release|Win32
		{7651E194-9B46-4AD9-AED3-C06C5435984B}.Release|x86.Build.0 = Release|Win32
	EndGlobalSection
	GlobalSection(SolutionProperties) = preSolution
		HideSolutionNode = FALSE
	EndGlobalSection
	GlobalSection(NestedProjects) = preSolution
		{CC5A01F7-BEC4-492B-8095-00FCB0450996} = {2F3F1BFC-367E-41CF-8D41-0DE8E12730D8}
		{C352E617-1FDC-4137-97C8-534525DDB5FB} = {2F3F1BFC-367E-41CF-8D41-0DE8E12730D8}
		{74A002EA-29D5-40CD-95E3-FA0A7FB6A3B2} = {2F3F1BFC-367E-41CF-8D41-0DE8E12730D8}
		{F3E85E6B-D2FA-4006-BD93-14A579EF787A} = {2F3F1BFC-367E-41CF-8D41-0DE8E12730D8}
		{50C72722-E78D-476D-AA38-31FCA8CD36B1} = {D9BDBD68-DDD7-426A-8B43-2423700E02FA}
		{E9C42608-F4D2-4928-8A03-EB8A28841239} = {D9BDBD68-DDD7-426A-8B43-2423700E02FA}
		{100C99C6-FD6D-4F00-BD6C-368D3FB65564} = {2F3F1BFC-367E-41CF-8D41-0DE8E12730D8}
		{16A27E48-5EBB-4952-A46A-CF6F7B409341} = {2F3F1BFC-367E-41CF-8D41-0DE8E12730D8}
		{E9228EDE-E099-4C13-B813-3C25CCD3C95A} = {7E9B7FCB-4E26-4929-AC99-C150A97C7AF2}
		{855D434C-84F4-45C0-BE6F-6F894DA6FF9D} = {D9BDBD68-DDD7-426A-8B43-2423700E02FA}
		{86FC92E9-675B-4C27-820D-A6BE9A26ED72} = {D9BDBD68-DDD7-426A-8B43-2423700E02FA}
		{62AD3A2C-2A3F-4B71-8FA9-3B21F3B0D0C9} = {2F3F1BFC-367E-41CF-8D41-0DE8E12730D8}
		{07AD98F5-94F0-425B-AA3E-779E05DE707D} = {2F3F1BFC-367E-41CF-8D41-0DE8E12730D8}
		{55798549-586B-408C-B525-3A680F80AC15} = {2F3F1BFC-367E-41CF-8D41-0DE8E12730D8}
		{1CACBE20-7010-4990-AE35-1268F3720AE6} = {D9BDBD68-DDD7-426A-8B43-2423700E02FA}
		{5287046E-D835-4203-BEE8-7945C9A9BFBB} = {2F3F1BFC-367E-41CF-8D41-0DE8E12730D8}
		{1076D7AA-7253-4FAF-8821-44B3A6BCFC11} = {D9BDBD68-DDD7-426A-8B43-2423700E02FA}
		{FC6A4ED6-FA55-4E83-B42A-BD828FCD324A} = {2F3F1BFC-367E-41CF-8D41-0DE8E12730D8}
		{D73288C4-DF68-4F9F-82DD-8C1165F00AA9} = {D9BDBD68-DDD7-426A-8B43-2423700E02FA}
		{F67E4281-1AC6-44D6-8C51-AA6A107DFC40} = {2F3F1BFC-367E-41CF-8D41-0DE8E12730D8}
		{F409D928-F6A9-4667-85C8-3AAC95C87AFF} = {2F3F1BFC-367E-41CF-8D41-0DE8E12730D8}
		{D298BD02-11BE-42AF-836A-4D601DC285C2} = {D9BDBD68-DDD7-426A-8B43-2423700E02FA}
		{ED2FDDE3-CAEB-4A54-9F30-82DF55E1FBD5} = {2F3F1BFC-367E-41CF-8D41-0DE8E12730D8}
		{031BD032-5395-49F8-845A-C7D7027A13ED} = {2F3F1BFC-367E-41CF-8D41-0DE8E12730D8}
		{97341F23-32A6-4616-B22C-4BE033B3E59C} = {D9BDBD68-DDD7-426A-8B43-2423700E02FA}
		{5CD8FAC8-69C5-44AD-8554-9942849A8ED4} = {2F3F1BFC-367E-41CF-8D41-0DE8E12730D8}
		{D895ADD6-89AF-42A4-BC4B-98367A1E7044} = {D9BDBD68-DDD7-426A-8B43-2423700E02FA}
		{88E2F3ED-F8C6-44F5-8AEA-9C113773280C} = {2F3F1BFC-367E-41CF-8D41-0DE8E12730D8}
		{F39E1DF4-9264-4CAE-A962-61A2960A2572} = {2F3F1BFC-367E-41CF-8D41-0DE8E12730D8}
		{FF75EA8D-154E-4CDF-AF71-6B38F829FCB6} = {D9BDBD68-DDD7-426A-8B43-2423700E02FA}
		{AAA9A94A-E8E1-4315-8004-50D8ED9CE9B5} = {2F3F1BFC-367E-41CF-8D41-0DE8E12730D8}
		{7651E194-9B46-4AD9-AED3-C06C5435984B} = {2F3F1BFC-367E-41CF-8D41-0DE8E12730D8}
	EndGlobalSection
EndGlobal
